
Microsoft Visual Studio Solution File, Format Version 12.00
Project("{FAE04EC0-301F-11D3-BF4B-00C04F79EFBC}") = "Çarkıfelek Oyunu", "Çarkıfelek Oyunu.csproj", "{32F74AFE-9C33-4261-A5D6-C0F1A5D340DA}"
EndProject
Global
	GlobalSection(SolutionConfigurationPlatforms) = preSolution
		Debug|Any CPU = Debug|Any CPU
		Release|Any CPU = Release|Any CPU
	EndGlobalSection
	GlobalSection(ProjectConfigurationPlatforms) = postSolution
		{32F74AFE-9C33-4261-A5D6-C0F1A5D340DA}.Debug|Any CPU.ActiveCfg = Debug|Any CPU
		{32F74AFE-9C33-4261-A5D6-C0F1A5D340DA}.Debug|Any CPU.Build.0 = Debug|Any CPU
		{32F74AFE-9C33-4261-A5D6-C0F1A5D340DA}.Release|Any CPU.ActiveCfg = Release|Any CPU
		{32F74AFE-9C33-4261-A5D6-C0F1A5D340DA}.Release|Any CPU.Build.0 = Release|Any CPU
	EndGlobalSection
EndGlobal
